{
    "_meta": {
        "hash": {
            "sha256": "36b17ca58891796742cfbc0848c72ca71085ebf51e5308718d4ec8bc87e5b08f"
        },
        "pipfile-spec": 6,
        "requires": {
            "python_version": "3.10"
        },
        "sources": [
            {
                "name": "pypi",
                "url": "https://pypi.org/simple",
                "verify_ssl": true
            }
        ]
    },
    "default": {
        "certifi": {
            "hashes": [
                "sha256:0d9c601124e5a6ba9712dbc60d9c53c21e34f5f641fe83002317394311bdce14",
                "sha256:90c1a32f1d68f940488354e36370f6cca89f0f106db09518524c88d6ed83f382"
            ],
            "markers": "python_version >= '3.6'",
            "version": "==2022.9.24"
        },
        "sentry-sdk": {
            "hashes": [
                "sha256:675f6279b6bb1fea09fd61751061f9a90dca3b5929ef631dd50dc8b3aeb245e9",
                "sha256:8b4ff696c0bdcceb3f70bbb87a57ba84fd3168b1332d493fcd16c137f709578c"
            ],
            "index": "pypi",
            "version": "==1.11.1"
        },
        "urllib3": {
            "hashes": [
                "sha256:47cc05d99aaa09c9e72ed5809b60e7ba354e64b59c9c173ac3018642d8bb41fc",
                "sha256:c083dd0dce68dbfbe1129d5271cb90f9447dea7d52097c6e0126120c521ddea8"
            ],
            "markers": "python_version >= '3.6'",
            "version": "==1.26.13"
        }
    },
    "develop": {}
}
